
Microsoft Visual Studio Solution File, Format Version 12.00
# Visual Studio 15
VisualStudioVersion = 15.0.27130.0
MinimumVisualStudioVersion = 10.0.40219.1
Project("{8BC9CEB8-8B4A-11D0-8D11-00A0C91BC942}") = "dns-load-test", "dns-load-test.vcxproj", "{CD554F4F-FF9A-41A5-898B-D7191840E89E}"
EndProject
Global
	GlobalSection(SolutionConfigurationPlatforms) = preSolution
		Debug|x64 = Debug|x64
		Debug|x86 = Debug|x86
		Release|x64 = Release|x64
		Release|x86 = Release|x86
	EndGlobalSection
	GlobalSection(ProjectConfigurationPlatforms) = postSolution
		{CD554F4F-FF9A-41A5-898B-D7191840E89E}.Debug|x64.ActiveCfg = Debug|x64
		{CD554F4F-FF9A-41A5-898B-D7191840E89E}.Debug|x64.Build.0 = Debug|x64
		{CD554F4F-FF9A-41A5-898B-D7191840E89E}.Debug|x86.ActiveCfg = Debug|Win32
		{CD554F4F-FF9A-41A5-898B-D7191840E89E}.Debug|x86.Build.0 = Debug|Win32
		{CD554F4F-FF9A-41A5-898B-D7191840E89E}.Release|x64.ActiveCfg = Release|x64
		{CD554F4F-FF9A-41A5-898B-D7191840E89E}.Release|x64.Build.0 = Release|x64
		{CD554F4F-FF9A-41A5-898B-D7191840E89E}.Release|x86.ActiveCfg = Release|Win32
		{CD554F4F-FF9A-41A5-898B-D7191840E89E}.Release|x86.Build.0 = Release|Win32
	EndGlobalSection
	GlobalSection(SolutionProperties) = preSolution
		HideSolutionNode = FALSE
	EndGlobalSection
	GlobalSection(ExtensibilityGlobals) = postSolution
		SolutionGuid = {67E75D28-1F52-4837-9EBB-D2E8CC5033E5}
	EndGlobalSection
EndGlobal
